// !$*UTF8*$!
{
	archiveVersion = 1;
	classes = {
	};
	objectVersion = 48;
	objects = {

/* Begin PBXBuildFile section */
		B1EE0B9E2058FDBB00EEA657 /* AppDelegate.m in Sources */ = {isa = PBXBuildFile; fileRef = B1EE0B9D2058FDBB00EEA657 /* AppDelegate.m */; };
		B1EE0BA12058FDBB00EEA657 /* ViewController.m in Sources */ = {isa = PBXBuildFile; fileRef = B1EE0BA02058FDBB00EEA657 /* ViewController.m */; };
		B1EE0BA42058FDBB00EEA657 /* Main.storyboard in Resources */ = {isa = PBXBuildFile; fileRef = B1EE0BA22058FDBB00EEA657 /* Main.storyboard */; };
		B1EE0BA62058FDBB00EEA657 /* Assets.xcassets in Resources */ = {isa = PBXBuildFile; fileRef = B1EE0BA52058FDBB00EEA657 /* Assets.xcassets */; };
		B1EE0BA92058FDBB00EEA657 /* LaunchScreen.storyboard in Resources */ = {isa = PBXBuildFile; fileRef = B1EE0BA72058FDBB00EEA657 /* LaunchScreen.storyboard */; };
		B1EE0BAC2058FDBB00EEA657 /* main.m in Sources */ = {isa = PBXBuildFile; fileRef = B1EE0BAB2058FDBB00EEA657 /* main.m */; };
/* End PBXBuildFile section */

/* Begin PBXFileReference section */
		B1EE0B992058FDBA00EEA657 /* OperationDependency.app */ = {isa = PBXFileReference; explicitFileType = wrapper.application; includeInIndex = 0; path = OperationDependency.app; sourceTree = BUILT_PRODUCTS_DIR; };
		B1EE0B9C2058FDBB00EEA657 /* AppDelegate.h */ = {isa = PBXFileReference; lastKnownFileType = sourcecode.c.h; path = AppDelegate.h; sourceTree = "<group>"; };
		B1EE0B9D2058FDBB00EEA657 /* AppDelegate.m */ = {isa = PBXFileReference; lastKnownFileType = sourcecode.c.objc; path = AppDelegate.m; sourceTree = "<group>"; };
		B1EE0B9F2058FDBB00EEA657 /* ViewController.h */ = {isa = PBXFileReference; lastKnownFileType = sourcecode.c.h; path = ViewController.h; sourceTree = "<group>"; };
		B1EE0BA02058FDBB00EEA657 /* ViewController.m */ = {isa = PBXFileReference; lastKnownFileType = sourcecode.c.objc; path = ViewController.m; sourceTree = "<group>"; };
		B1EE0BA32058FDBB00EEA657 /* Base */ = {isa = PBXFileReference; lastKnownFileType = file.storyboard; name = Base; path = Base.lproj/Main.storyboard; sourceTree = "<group>"; };
		B1EE0BA52058FDBB00EEA657 /* Assets.xcassets */ = {isa = PBXFileReference; lastKnownFileType = folder.assetcatalog; path = Assets.xcassets; sourceTree = "<group>"; };
		B1EE0BA82058FDBB00EEA657 /* Base */ = {isa = PBXFileReference; lastKnownFileType = file.storyboard; name = Base; path = Base.lproj/LaunchScreen.storyboard; sourceTree = "<group>"; };
		B1EE0BAA2058FDBB00EEA657 /* Info.plist */ = {isa = PBXFileReference; lastKnownFileType = text.plist.xml; path = Info.plist; sourceTree = "<group>"; };
		B1EE0BAB2058FDBB00EEA657 /* main.m */ = {isa = PBXFileReference; lastKnownFileType = sourcecode.c.objc; path = main.m; sourceTree = "<group>"; };
/* End PBXFileReference section */

/* Begin PBXFrameworksBuildPhase section */
		B1EE0B962058FDBA00EEA657 /* Frameworks */ = {
			isa = PBXFrameworksBuildPhase;
			buildActionMask = 2147483647;
			files = (
			);
			runOnlyForDeploymentPostprocessing = 0;
		};
/* End PBXFrameworksBuildPhase section */

/* Begin PBXGroup section */
		B1EE0B902058FDBA00EEA657 = {
			isa = PBXGroup;
			children = (
				B1EE0B9B2058FDBB00EEA657 /* OperationDependency */,
				B1EE0B9A2058FDBA00EEA657 /* Products */,
			);
			sourceTree = "<group>";
		};
		B1EE0B9A2058FDBA00EEA657 /* Products */ = {
			isa = PBXGroup;
			children = (
				B1EE0B992058FDBA00EEA657 /* OperationDependency.app */,
			);
			name = Products;
			sourceTree = "<group>";
		};
		B1EE0B9B2058FDBB00EEA657 /* OperationDependency */ = {
			isa = PBXGroup;
			children = (
				B1EE0B9C2058FDBB00EEA657 /* AppDelegate.h */,
				B1EE0B9D2058FDBB00EEA657 /* AppDelegate.m */,
				B1EE0B9F2058FDBB00EEA657 /* ViewController.h */,
				B1EE0BA02058FDBB00EEA657 /* ViewController.m */,
				B1EE0BA22058FDBB00EEA657 /* Main.storyboard */,
				B1EE0BA52058FDBB00EEA657 /* Assets.xcassets */,
				B1EE0BA72058FDBB00EEA657 /* LaunchScreen.storyboard */,
				B1EE0BAA2058FDBB00EEA657 /* Info.plist */,
				B1EE0BAB2058FDBB00EEA657 /* main.m */,
			);
			path = OperationDependency;
			sourceTree = "<group>";
		};
/* End PBXGroup section */

/* Begin PBXNativeTarget section */
		B1EE0B982058FDBA00EEA657 /* OperationDependency */ = {
			isa = PBXNativeTarget;
			buildConfigurationList = B1EE0BAF2058FDBB00EEA657 /* Build configuration list for PBXNativeTarget "OperationDependency" */;
			buildPhases = (
				B1EE0B952058FDBA00EEA657 /* Sources */,
				B1EE0B962058FDBA00EEA657 /* Frameworks */,
				B1EE0B972058FDBA00EEA657 /* Resources */,
			);
			buildRules = (
			);
			dependencies = (
			);
			name = OperationDependency;
			productName = OperationDependency;
			productReference = B1EE0B992058FDBA00EEA657 /* OperationDependency.app */;
			productType = "com.apple.product-type.application";
		};
/* End PBXNativeTarget section */

/* Begin PBXProject section */
		B1EE0B912058FDBA00EEA657 /* Project object */ = {
			isa = PBXProject;
			attributes = {
				LastUpgradeCheck = 0920;
				ORGANIZATIONNAME = fangyukui;
				TargetAttributes = {
					B1EE0B982058FDBA00EEA657 = {
						CreatedOnToolsVersion = 9.2;
						ProvisioningStyle = Automatic;
					};
				};
			};
			buildConfigurationList = B1EE0B942058FDBA00EEA657 /* Build configuration list for PBXProject "OperationDependency" */;
			compatibilityVersion = "Xcode 8.0";
			developmentRegion = en;
			hasScannedForEncodings = 0;
			knownRegions = (
				en,
				Base,
			);
			mainGroup = B1EE0B902058FDBA00EEA657;
			productRefGroup = B1EE0B9A2058FDBA00EEA657 /* Products */;
			projectDirPath = "";
			projectRoot = "";
			targets = (
				B1EE0B982058FDBA00EEA657 /* OperationDependency */,
			);
		};
/* End PBXProject section */

/* Begin PBXResourcesBuildPhase section */
		B1EE0B972058FDBA00EEA657 /* Resources */ = {
			isa = PBXResourcesBuildPhase;
			buildActionMask = 2147483647;
			files = (
				B1EE0BA92058FDBB00EEA657 /* LaunchScreen.storyboard in Resources */,
				B1EE0BA62058FDBB00EEA657 /* Assets.xcassets in Resources */,
				B1EE0BA42058FDBB00EEA657 /* Main.storyboard in Resources */,
			);
			runOnlyForDeploymentPostprocessing = 0;
		};
/* End PBXResourcesBuildPhase section */

/* Begin PBXSourcesBuildPhase section */
		B1EE0B952058FDBA00EEA657 /* Sources */ = {
			isa = PBXSourcesBuildPhase;
			buildActionMask = 2147483647;
			files = (
				B1EE0BA12058FDBB00EEA657 /* ViewController.m in Sources */,
				B1EE0BAC2058FDBB00EEA657 /* main.m in Sources */,
				B1EE0B9E2058FDBB00EEA657 /* AppDelegate.m in Sources */,
			);
			runOnlyForDeploymentPostprocessing = 0;
		};
/* End PBXSourcesBuildPhase section */

/* Begin PBXVariantGroup section */
		B1EE0BA22058FDBB00EEA657 /* Main.storyboard */ = {
			isa = PBXVariantGroup;
			children = (
				B1EE0BA32058FDBB00EEA657 /* Base */,
			);
			name = Main.storyboard;
			sourceTree = "<group>";
		};
		B1EE0BA72058FDBB00EEA657 /* LaunchScreen.storyboard */ = {
			isa = PBXVariantGroup;
			children = (
				B1EE0BA82058FDBB00EEA657 /* Base */,
			);
			name = LaunchScreen.storyboard;
			sourceTree = "<group>";
		};
/* End PBXVariantGroup section */

/* Begin XCBuildConfiguration section */
		B1EE0BAD2058FDBB00EEA657 /* Debug */ = {
			isa = XCBuildConfiguration;
			buildSettings = {
				ALWAYS_SEARCH_USER_PATHS = NO;
				CLANG_ANALYZER_NONNULL = YES;
				CLANG_ANALYZER_NUMBER_OBJECT_CONVERSION = YES_AGGRESSIVE;
				CLANG_CXX_LANGUAGE_STANDARD = "gnu++14";
				CLANG_CXX_LIBRARY = "libc++";
				CLANG_ENABLE_MODULES = YES;
				CLANG_ENABLE_OBJC_ARC = YES;
				CLANG_WARN_BLOCK_CAPTURE_AUTORELEASING = YES;
				CLANG_WARN_BOOL_CONVERSION = YES;
				CLANG_WARN_COMMA = YES;
				CLANG_WARN_CONSTANT_CONVERSION = YES;
				CLANG_WARN_DIRECT_OBJC_ISA_USAGE = YES_ERROR;
				CLANG_WARN_DOCUMENTATION_COMMENTS = YES;
				CLANG_WARN_EMPTY_BODY = YES;
				CLANG_WARN_ENUM_CONVERSION = YES;
				CLANG_WARN_INFINITE_RECURSION = YES;
				CLANG_WARN_INT_CONVERSION = YES;
				CLANG_WARN_NON_LITERAL_NULL_CONVERSION = YES;
				CLANG_WARN_OBJC_LITERAL_CONVERSION = YES;
				CLANG_WARN_OBJC_ROOT_CLASS = YES_ERROR;
				CLANG_WARN_RANGE_LOOP_ANALYSIS = YES;
				CLANG_WARN_STRICT_PROTOTYPES = YES;
				CLANG_WARN_SUSPICIOUS_MOVE = YES;
				CLANG_WARN_UNGUARDED_AVAILABILITY = YES_AGGRESSIVE;
				CLANG_WARN_UNREACHABLE_CODE = YES;
				CLANG_WARN__DUPLICATE_METHOD_MATCH = YES;
				CODE_SIGN_IDENTITY = "iPhone Developer";
				COPY_PHASE_STRIP = NO;
				DEBUG_INFORMATION_FORMAT = dwarf;
				ENABLE_STRICT_OBJC_MSGSEND = YES;
				ENABLE_TESTABILITY = YES;
				GCC_C_LANGUAGE_STANDARD = gnu11;
				GCC_DYNAMIC_NO_PIC = NO;
				GCC_NO_COMMON_BLOCKS = YES;
				GCC_OPTIMIZATION_LEVEL = 0;
				GCC_PREPROCESSOR_DEFINITIONS = (
					"DEBUG=1",
					"$(inherited)",
				);
				GCC_WARN_64_TO_32_BIT_CONVERSION = YES;
				GCC_WARN_ABOUT_RETURN_TYPE = YES_ERROR;
				GCC_WARN_UNDECLARED_SELECTOR = YES;
				GCC_WARN_UNINITIALIZED_AUTOS = YES_AGGRESSIVE;
				GCC_WARN_UNUSED_FUNCTION = YES;
				GCC_WARN_UNUSED_VARIABLE = YES;
				IPHONEOS_DEPLOYMENT_TARGET = 11.2;
				MTL_ENABLE_DEBUG_INFO = YES;
				ONLY_ACTIVE_ARCH = YES;
				SDKROOT = iphoneos;
			};
			name = Debug;
		};
		B1EE0BAE2058FDBB00EEA657 /* Release */ = {
			isa = XCBuildConfiguration;
			buildSettings = {
				ALWAYS_SEARCH_USER_PATHS = NO;
				CLANG_ANALYZER_NONNULL = YES;
				CLANG_ANALYZER_NUMBER_OBJECT_CONVERSION = YES_AGGRESSIVE;
				CLANG_CXX_LANGUAGE_STANDARD = "gnu++14";
				CLANG_CXX_LIBRARY = "libc++";
				CLANG_ENABLE_MODULES = YES;
				CLANG_ENABLE_OBJC_ARC = YES;
				CLANG_WARN_BLOCK_CAPTURE_AUTORELEASING = YES;
				CLANG_WARN_BOOL_CONVERSION = YES;
				CLANG_WARN_COMMA = YES;
				CLANG_WARN_CONSTANT_CONVERSION = YES;
				CLANG_WARN_DIRECT_OBJC_ISA_USAGE = YES_ERROR;
				CLANG_WARN_DOCUMENTATION_COMMENTS = YES;
				CLANG_WARN_EMPTY_BODY = YES;
				CLANG_WARN_ENUM_CONVERSION = YES;
				CLANG_WARN_INFINITE_RECURSION = YES;
				CLANG_WARN_INT_CONVERSION = YES;
				CLANG_WARN_NON_LITERAL_NULL_CONVERSION = YES;
				CLANG_WARN_OBJC_LITERAL_CONVERSION = YES;
				CLANG_WARN_OBJC_ROOT_CLASS = YES_ERROR;
				CLANG_WARN_RANGE_LOOP_ANALYSIS = YES;
				CLANG_WARN_STRICT_PROTOTYPES = YES;
				CLANG_WARN_SUSPICIOUS_MOVE = YES;
				CLANG_WARN_UNGUARDED_AVAILABILITY = YES_AGGRESSIVE;
				CLANG_WARN_UNREACHABLE_CODE = YES;
				CLANG_WARN__DUPLICATE_METHOD_MATCH = YES;
				CODE_SIGN_IDENTITY = "iPhone Developer";
				COPY_PHASE_STRIP = NO;
				DEBUG_INFORMATION_FORMAT = "dwarf-with-dsym";
				ENABLE_NS_ASSERTIONS = NO;
				ENABLE_STRICT_OBJC_MSGSEND = YES;
				GCC_C_LANGUAGE_STANDARD = gnu11;
				GCC_NO_COMMON_BLOCKS = YES;
				GCC_WARN_64_TO_32_BIT_CONVERSION = YES;
				GCC_WARN_ABOUT_RETURN_TYPE = YES_ERROR;
				GCC_WARN_UNDECLARED_SELECTOR = YES;
				GCC_WARN_UNINITIALIZED_AUTOS = YES_AGGRESSIVE;
				GCC_WARN_UNUSED_FUNCTION = YES;
				GCC_WARN_UNUSED_VARIABLE = YES;
				IPHONEOS_DEPLOYMENT_TARGET = 11.2;
				MTL_ENABLE_DEBUG_INFO = NO;
				SDKROOT = iphoneos;
				VALIDATE_PRODUCT = YES;
			};
			name = Release;
		};
		B1EE0BB02058FDBB00EEA657 /* Debug */ = {
			isa = XCBuildConfiguration;
			buildSettings = {
				ASSETCATALOG_COMPILER_APPICON_NAME = AppIcon;
				CODE_SIGN_STYLE = Automatic;
				INFOPLIST_FILE = OperationDependency/Info.plist;
				LD_RUNPATH_SEARCH_PATHS = "$(inherited) @executable_path/Frameworks";
				PRODUCT_BUNDLE_IDENTIFIER = yukui.fang.OperationDependency;
				PRODUCT_NAME = "$(TARGET_NAME)";
				TARGETED_DEVICE_FAMILY = "1,2";
			};
			name = Debug;
		};
		B1EE0BB12058FDBB00EEA657 /* Release */ = {
			isa = XCBuildConfiguration;
			buildSettings = {
				ASSETCATALOG_COMPILER_APPICON_NAME = AppIcon;
				CODE_SIGN_STYLE = Automatic;
				INFOPLIST_FILE = OperationDependency/Info.plist;
				LD_RUNPATH_SEARCH_PATHS = "$(inherited) @executable_path/Frameworks";
				PRODUCT_BUNDLE_IDENTIFIER = yukui.fang.OperationDependency;
				PRODUCT_NAME = "$(TARGET_NAME)";
				TARGETED_DEVICE_FAMILY = "1,2";
			};
			name = Release;
		};
/* End XCBuildConfiguration section */

/* Begin XCConfigurationList section */
		B1EE0B942058FDBA00EEA657 /* Build configuration list for PBXProject "OperationDependency" */ = {
			isa = XCConfigurationList;
			buildConfigurations = (
				B1EE0BAD2058FDBB00EEA657 /* Debug */,
				B1EE0BAE2058FDBB00EEA657 /* Release */,
			);
			defaultConfigurationIsVisible = 0;
			defaultConfigurationName = Release;
		};
		B1EE0BAF2058FDBB00EEA657 /* Build configuration list for PBXNativeTarget "OperationDependency" */ = {
			isa = XCConfigurationList;
			buildConfigurations = (
				B1EE0BB02058FDBB00EEA657 /* Debug */,
				B1EE0BB12058FDBB00EEA657 /* Release */,
			);
			defaultConfigurationIsVisible = 0;
			defaultConfigurationName = Release;
		};
/* End XCConfigurationList section */
	};
	rootObject = B1EE0B912058FDBA00EEA657 /* Project object */;
}
